{
    "_readme": [
        "This file locks the dependencies of your project to a known state",
        "Read more about it at https://getcomposer.org/doc/01-basic-usage.md#installing-dependencies",
        "This file is @generated automatically"
    ],
    "content-hash": "045eb525c283acd34fa5f8e201916363",
    "packages": [
        {
            "name": "vanderlee/syllable",
            "version": "1.8.0",
            "source": {
                "type": "git",
                "url": "https://github.com/vanderlee/phpSyllable.git",
                "reference": "9077602434a8a393f1b76c8b84edca75c619c040"
            },
            "dist": {
                "type": "zip",
                "url": "https://api.github.com/repos/vanderlee/phpSyllable/zipball/9077602434a8a393f1b76c8b84edca75c619c040",
                "reference": "9077602434a8a393f1b76c8b84edca75c619c040",
                "shasum": ""
            },
            "require": {
                "ext-dom": "*",
                "ext-json": "*",
                "ext-libxml": "*",
                "ext-mbstring": "*",
                "php": ">=5.6"
            },
            "require-dev": {
                "ext-curl": "*",
                "phpunit/phpunit": "^5.7 || ^6.5 || ^7.5 || ^8.5"
            },
            "type": "library",
            "autoload": {
                "psr-4": {
                    "Vanderlee\\Syllable\\": "src"
                }
            },
            "notification-url": "https://packagist.org/downloads/",
            "license": [
                "MIT"
            ],
            "description": "Text syllable splitting and hyphenation using Frank M. Liang's TeX algorithm.",
            "homepage": "https://github.com/vanderlee/phpSyllable",
            "keywords": [
                "dash",
                "hyphen",
                "hyphenate",
                "hyphenation",
                "language",
                "locale",
                "split",
                "syllable",
                "syllables",
                "text",
                "words"
            ],
            "support": {
                "issues": "https://github.com/vanderlee/phpSyllable/issues",
                "source": "https://github.com/vanderlee/phpSyllable/"
            },
            "time": "2025-01-13T19:15:02+00:00"
        }
    ],
    "packages-dev": [],
    "aliases": [],
    "minimum-stability": "stable",
    "stability-flags": {},
    "prefer-stable": false,
    "prefer-lowest": false,
    "platform": {},
    "platform-dev": {},
    "plugin-api-version": "2.6.0"
}
